
Microsoft Visual Studio Solution File, Format Version 12.00
# Visual Studio Version 16
VisualStudioVersion = 16.0.29806.167
MinimumVisualStudioVersion = 10.0.40219.1
Project("{FAE04EC0-301F-11D3-BF4B-00C04F79EFBC}") = "Wings21D", "Wings21D.csproj", "{C9DE1062-36D8-4684-84C4-3795C0605E92}"
EndProject
Global
	GlobalSection(SolutionConfigurationPlatforms) = preSolution
		Debug|Any CPU = Debug|Any CPU
		Release|Any CPU = Release|Any CPU
	EndGlobalSection
	GlobalSection(ProjectConfigurationPlatforms) = postSolution
		{C9DE1062-36D8-4684-84C4-3795C0605E92}.Debug|Any CPU.ActiveCfg = Debug|Any CPU
		{C9DE1062-36D8-4684-84C4-3795C0605E92}.Debug|Any CPU.Build.0 = Debug|Any CPU
		{C9DE1062-36D8-4684-84C4-3795C0605E92}.Release|Any CPU.ActiveCfg = Release|Any CPU
		{C9DE1062-36D8-4684-84C4-3795C0605E92}.Release|Any CPU.Build.0 = Release|Any CPU
	EndGlobalSection
	GlobalSection(SolutionProperties) = preSolution
		HideSolutionNode = FALSE
	EndGlobalSection
	GlobalSection(ExtensibilityGlobals) = postSolution
		SolutionGuid = {0E79BED8-5DAD-4C97-9A0E-2B8928C3D355}
	EndGlobalSection
EndGlobal
